
Microsoft Visual Studio Solution File, Format Version 12.00
# Visual Studio Version 17
VisualStudioVersion = 17.4.33213.308
MinimumVisualStudioVersion = 10.0.40219.1
Project("{FAE04EC0-301F-11D3-BF4B-00C04F79EFBC}") = "NewsletterSignupDemo", "NewsletterSignupDemo.csproj", "{EF80061E-D146-4C50-A299-8668AD511BEA}"
EndProject
Global
	GlobalSection(SolutionConfigurationPlatforms) = preSolution
		Debug|Any CPU = Debug|Any CPU
		Release|Any CPU = Release|Any CPU
	EndGlobalSection
	GlobalSection(ProjectConfigurationPlatforms) = postSolution
		{EF80061E-D146-4C50-A299-8668AD511BEA}.Debug|Any CPU.ActiveCfg = Debug|Any CPU
		{EF80061E-D146-4C50-A299-8668AD511BEA}.Debug|Any CPU.Build.0 = Debug|Any CPU
		{EF80061E-D146-4C50-A299-8668AD511BEA}.Release|Any CPU.ActiveCfg = Release|Any CPU
		{EF80061E-D146-4C50-A299-8668AD511BEA}.Release|Any CPU.Build.0 = Release|Any CPU
	EndGlobalSection
	GlobalSection(SolutionProperties) = preSolution
		HideSolutionNode = FALSE
	EndGlobalSection
	GlobalSection(ExtensibilityGlobals) = postSolution
		SolutionGuid = {B2591D94-3F36-4842-AF68-0600FBC5E3D1}
	EndGlobalSection
EndGlobal
