
Microsoft Visual Studio Solution File, Format Version 12.00
# Visual Studio Version 17
VisualStudioVersion = 17.4.33205.214
MinimumVisualStudioVersion = 10.0.40219.1
Project("{FAE04EC0-301F-11D3-BF4B-00C04F79EFBC}") = "CallingMethodsConsoleApp", "CallingMethodsConsoleApp.csproj", "{430C9274-3221-4C52-8073-DCA2A174FD8B}"
EndProject
Global
	GlobalSection(SolutionConfigurationPlatforms) = preSolution
		Debug|Any CPU = Debug|Any CPU
		Release|Any CPU = Release|Any CPU
	EndGlobalSection
	GlobalSection(ProjectConfigurationPlatforms) = postSolution
		{430C9274-3221-4C52-8073-DCA2A174FD8B}.Debug|Any CPU.ActiveCfg = Debug|Any CPU
		{430C9274-3221-4C52-8073-DCA2A174FD8B}.Debug|Any CPU.Build.0 = Debug|Any CPU
		{430C9274-3221-4C52-8073-DCA2A174FD8B}.Release|Any CPU.ActiveCfg = Release|Any CPU
		{430C9274-3221-4C52-8073-DCA2A174FD8B}.Release|Any CPU.Build.0 = Release|Any CPU
	EndGlobalSection
	GlobalSection(SolutionProperties) = preSolution
		HideSolutionNode = FALSE
	EndGlobalSection
	GlobalSection(ExtensibilityGlobals) = postSolution
		SolutionGuid = {3B317C7D-4409-4892-BB08-DAB00600A1DA}
	EndGlobalSection
EndGlobal
